<?xml version="1.0" encoding="utf-8"?>
<Project ToolsVersion="4.0" xmlns="http://schemas.microsoft.com/developer/msbuild/2003">
  <ItemGroup>
    <Filter Include="Header File">
      <UniqueIdentifier>{34f023bd-1b13-4636-8605-2ef29657c310}</UniqueIdentifier>
    </Filter>
    <Filter Include="Assets">
      <UniqueIdentifier>{bedb58e4-437f-4520-aab3-a1bc095df4a0}</UniqueIdentifier>
    </Filter>
    <Filter Include="Data">
      <UniqueIdentifier>{bc3968c3-a431-4b54-8179-db65195e21e4}</UniqueIdentifier>
    </Filter>
    <Filter Include="Implementation">
      <UniqueIdentifier>{06f6f386-9166-4fd9-8baf-426643e2d773}</UniqueIdentifier>
    </Filter>
  </ItemGroup>
  <ItemGroup>
    <ClInclude Include="Game\Ball.h">
      <Filter>Header File</Filter>
    </ClInclude>
    <ClInclude Include="Game\InputManager.h">
      <Filter>Header File</Filter>
    </ClInclude>
    <ClInclude Include="Game\LevelManager.h">
      <Filter>Header File</Filter>
    </ClInclude>
    <ClInclude Include="Game\MenuManager.h">
      <Filter>Header File</Filter>
    </ClInclude>
    <ClInclude Include="Game\stdafx.h">
      <Filter>Header File</Filter>
    </ClInclude>
  </ItemGroup>
  <ItemGroup>
    <None Include="Assets\flag.3ds">
      <Filter>Assets</Filter>
    </None>
    <None Include="Data\course.db">
      <Filter>Data</Filter>
    </None>
  </ItemGroup>
  <ItemGroup>
    <Image Include="Assets\ground_grass_512_tile.tga">
      <Filter>Assets</Filter>
    </Image>
  </ItemGroup>
  <ItemGroup>
    <ClCompile Include="Game\Ball.cpp">
      <Filter>Implementation</Filter>
    </ClCompile>
    <ClCompile Include="Game\game.cpp">
      <Filter>Implementation</Filter>
    </ClCompile>
    <ClCompile Include="Game\InputManager.cpp">
      <Filter>Implementation</Filter>
    </ClCompile>
    <ClCompile Include="Game\LevelManager.cpp">
      <Filter>Implementation</Filter>
    </ClCompile>
    <ClCompile Include="Game\MenuManager.cpp">
      <Filter>Implementation</Filter>
    </ClCompile>
    <ClCompile Include="Game\stdafx.cpp">
      <Filter>Implementation</Filter>
    </ClCompile>
  </ItemGroup>
</Project>